
Microsoft Visual Studio Solution File, Format Version 12.00
# Visual Studio Version 16
VisualStudioVersion = 16.0.29806.167
MinimumVisualStudioVersion = 10.0.40219.1
Project("{8BC9CEB8-8B4A-11D0-8D11-00A0C91BC942}") = "ProgRaschNapr", "ProgRaschNapr\ProgRaschNapr.vcxproj", "{E1B718A0-5B45-4EC8-B40F-F2D8FE2001AF}"
EndProject
Global
	GlobalSection(SolutionConfigurationPlatforms) = preSolution
		Debug|x64 = Debug|x64
		Debug|x86 = Debug|x86
		Release|x64 = Release|x64
		Release|x86 = Release|x86
	EndGlobalSection
	GlobalSection(ProjectConfigurationPlatforms) = postSolution
		{E1B718A0-5B45-4EC8-B40F-F2D8FE2001AF}.Debug|x64.ActiveCfg = Debug|x64
		{E1B718A0-5B45-4EC8-B40F-F2D8FE2001AF}.Debug|x64.Build.0 = Debug|x64
		{E1B718A0-5B45-4EC8-B40F-F2D8FE2001AF}.Debug|x86.ActiveCfg = Debug|Win32
		{E1B718A0-5B45-4EC8-B40F-F2D8FE2001AF}.Debug|x86.Build.0 = Debug|Win32
		{E1B718A0-5B45-4EC8-B40F-F2D8FE2001AF}.Release|x64.ActiveCfg = Release|x64
		{E1B718A0-5B45-4EC8-B40F-F2D8FE2001AF}.Release|x64.Build.0 = Release|x64
		{E1B718A0-5B45-4EC8-B40F-F2D8FE2001AF}.Release|x86.ActiveCfg = Release|Win32
		{E1B718A0-5B45-4EC8-B40F-F2D8FE2001AF}.Release|x86.Build.0 = Release|Win32
	EndGlobalSection
	GlobalSection(SolutionProperties) = preSolution
		HideSolutionNode = FALSE
	EndGlobalSection
	GlobalSection(ExtensibilityGlobals) = postSolution
		SolutionGuid = {4DC74F11-BE70-4E4B-B498-E23BCA99EA4F}
	EndGlobalSection
EndGlobal
